
Microsoft Visual Studio Solution File, Format Version 12.00
# Visual Studio Version 17
VisualStudioVersion = 17.11.35222.181
MinimumVisualStudioVersion = 10.0.40219.1
Project("{9A19103F-16F7-4668-BE54-9A1E7A4F7556}") = "ArtisanShop", "ArtisanShop.csproj", "{A59770CE-5A19-4E8D-B143-7E94C32DBBCB}"
EndProject
Global
	GlobalSection(SolutionConfigurationPlatforms) = preSolution
		Debug|Any CPU = Debug|Any CPU
		Release|Any CPU = Release|Any CPU
	EndGlobalSection
	GlobalSection(ProjectConfigurationPlatforms) = postSolution
		{A59770CE-5A19-4E8D-B143-7E94C32DBBCB}.Debug|Any CPU.ActiveCfg = Debug|Any CPU
		{A59770CE-5A19-4E8D-B143-7E94C32DBBCB}.Debug|Any CPU.Build.0 = Debug|Any CPU
		{A59770CE-5A19-4E8D-B143-7E94C32DBBCB}.Release|Any CPU.ActiveCfg = Release|Any CPU
		{A59770CE-5A19-4E8D-B143-7E94C32DBBCB}.Release|Any CPU.Build.0 = Release|Any CPU
	EndGlobalSection
	GlobalSection(SolutionProperties) = preSolution
		HideSolutionNode = FALSE
	EndGlobalSection
	GlobalSection(ExtensibilityGlobals) = postSolution
		SolutionGuid = {BC978F50-858F-4C21-A804-60FB4E6E9964}
	EndGlobalSection
EndGlobal
